// !$*UTF8*$!
{
	archiveVersion = 1;
	classes = {
	};
	objectVersion = 50;
	objects = {

/* Begin PBXBuildFile section */
		01625438F7766891A39125DE /* Pods_AnywhereFitnessTests.framework in Frameworks */ = {isa = PBXBuildFile; fileRef = 99563F263B8EAAAA416CFCFA /* Pods_AnywhereFitnessTests.framework */; };
		51BCABA6249DAF34004234A5 /* ClassSearchViewController.swift in Sources */ = {isa = PBXBuildFile; fileRef = 51BCABA5249DAF34004234A5 /* ClassSearchViewController.swift */; };
		51BCABA8249DAF44004234A5 /* HomePageViewController.swift in Sources */ = {isa = PBXBuildFile; fileRef = 51BCABA7249DAF44004234A5 /* HomePageViewController.swift */; };
		51BCABAA249DB2C6004234A5 /* Favorites.storyboard in Resources */ = {isa = PBXBuildFile; fileRef = 51BCABA9249DB2C6004234A5 /* Favorites.storyboard */; };
		51BCABAC249DB2DC004234A5 /* Profile.storyboard in Resources */ = {isa = PBXBuildFile; fileRef = 51BCABAB249DB2DC004234A5 /* Profile.storyboard */; };
		51BCABAE249DB2FA004234A5 /* Upcoming.storyboard in Resources */ = {isa = PBXBuildFile; fileRef = 51BCABAD249DB2FA004234A5 /* Upcoming.storyboard */; };
		51BCABB0249DB311004234A5 /* ClassSearch.storyboard in Resources */ = {isa = PBXBuildFile; fileRef = 51BCABAF249DB311004234A5 /* ClassSearch.storyboard */; };
		51E5CF3A24A1A560005CDCE8 /* ClassSearchCollectionViewCell.swift in Sources */ = {isa = PBXBuildFile; fileRef = 51E5CF3924A1A560005CDCE8 /* ClassSearchCollectionViewCell.swift */; };
		51E5CF3C24A1A574005CDCE8 /* ClassSearch.swift in Sources */ = {isa = PBXBuildFile; fileRef = 51E5CF3B24A1A574005CDCE8 /* ClassSearch.swift */; };
		51E5CF3E24A1A865005CDCE8 /* ClassSearchController.swift in Sources */ = {isa = PBXBuildFile; fileRef = 51E5CF3D24A1A865005CDCE8 /* ClassSearchController.swift */; };
		51E5CF4024A1AE93005CDCE8 /* ClassSearchCollectionViewController.swift in Sources */ = {isa = PBXBuildFile; fileRef = 51E5CF3F24A1AE93005CDCE8 /* ClassSearchCollectionViewController.swift */; };
		51E5CF4424A2E89C005CDCE8 /* DefinedSearchViewController.swift in Sources */ = {isa = PBXBuildFile; fileRef = 51E5CF4324A2E89C005CDCE8 /* DefinedSearchViewController.swift */; };
		61C43FC724A3C09B00D0473F /* Class+Convenience.swift in Sources */ = {isa = PBXBuildFile; fileRef = 61C43FC624A3C09B00D0473F /* Class+Convenience.swift */; };
		61C43FC924A3C0B000D0473F /* ClassRepresentation.swift in Sources */ = {isa = PBXBuildFile; fileRef = 61C43FC824A3C0B000D0473F /* ClassRepresentation.swift */; };
		61C43FCB24A3C0C400D0473F /* Class+Codable.swift in Sources */ = {isa = PBXBuildFile; fileRef = 61C43FCA24A3C0C400D0473F /* Class+Codable.swift */; };
		61C43FCD24A3E28D00D0473F /* CreateClassViewController.swift in Sources */ = {isa = PBXBuildFile; fileRef = 61C43FCC24A3E28D00D0473F /* CreateClassViewController.swift */; };
		61C43FCF24A3E83800D0473F /* ClassController.swift in Sources */ = {isa = PBXBuildFile; fileRef = 61C43FCE24A3E83800D0473F /* ClassController.swift */; };
		C9297159249B07970038E8A7 /* AppDelegate.swift in Sources */ = {isa = PBXBuildFile; fileRef = C9297158249B07970038E8A7 /* AppDelegate.swift */; };
		C929715B249B07970038E8A7 /* SceneDelegate.swift in Sources */ = {isa = PBXBuildFile; fileRef = C929715A249B07970038E8A7 /* SceneDelegate.swift */; };
		C9297160249B07970038E8A7 /* Main.storyboard in Resources */ = {isa = PBXBuildFile; fileRef = C929715E249B07970038E8A7 /* Main.storyboard */; };
		C9297163249B07970038E8A7 /* AnywhereFitness.xcdatamodeld in Sources */ = {isa = PBXBuildFile; fileRef = C9297161249B07970038E8A7 /* AnywhereFitness.xcdatamodeld */; };
		C9297165249B079A0038E8A7 /* Assets.xcassets in Resources */ = {isa = PBXBuildFile; fileRef = C9297164249B079A0038E8A7 /* Assets.xcassets */; };
		C9297168249B079A0038E8A7 /* LaunchScreen.storyboard in Resources */ = {isa = PBXBuildFile; fileRef = C9297166249B079A0038E8A7 /* LaunchScreen.storyboard */; };
		C9297170249B0C890038E8A7 /* InstructorSignUp.storyboard in Resources */ = {isa = PBXBuildFile; fileRef = C929716F249B0C890038E8A7 /* InstructorSignUp.storyboard */; };
		C9297172249B0C990038E8A7 /* ClientSignUp.storyboard in Resources */ = {isa = PBXBuildFile; fileRef = C9297171249B0C990038E8A7 /* ClientSignUp.storyboard */; };
		C9297178249B13090038E8A7 /* LandingPageViewController.swift in Sources */ = {isa = PBXBuildFile; fileRef = C9297177249B13090038E8A7 /* LandingPageViewController.swift */; };
		C929717A249B13FF0038E8A7 /* InstructorSignUpViewController.swift in Sources */ = {isa = PBXBuildFile; fileRef = C9297179249B13FF0038E8A7 /* InstructorSignUpViewController.swift */; };
		C929717C249B140C0038E8A7 /* ClientSignUpViewController.swift in Sources */ = {isa = PBXBuildFile; fileRef = C929717B249B140C0038E8A7 /* ClientSignUpViewController.swift */; };
		C9297184249C48FF0038E8A7 /* Color+Extension.swift in Sources */ = {isa = PBXBuildFile; fileRef = C9297183249C48FF0038E8A7 /* Color+Extension.swift */; };
		C929718824A030460038E8A7 /* CoreDataStack.swift in Sources */ = {isa = PBXBuildFile; fileRef = C929718724A030460038E8A7 /* CoreDataStack.swift */; };
		C929718A24A031400038E8A7 /* Client+Convencience.swift in Sources */ = {isa = PBXBuildFile; fileRef = C929718924A031400038E8A7 /* Client+Convencience.swift */; };
		C929718C24A033250038E8A7 /* ClientRepresentation.swift in Sources */ = {isa = PBXBuildFile; fileRef = C929718B24A033250038E8A7 /* ClientRepresentation.swift */; };
		C929718E24A035E80038E8A7 /* InstructorRepresentation.swift in Sources */ = {isa = PBXBuildFile; fileRef = C929718D24A035E80038E8A7 /* InstructorRepresentation.swift */; };
		C929719024A036530038E8A7 /* Instructor+Convenience.swift in Sources */ = {isa = PBXBuildFile; fileRef = C929718F24A036530038E8A7 /* Instructor+Convenience.swift */; };
		C929719224A0384E0038E8A7 /* Client+Codable.swift in Sources */ = {isa = PBXBuildFile; fileRef = C929719124A0384E0038E8A7 /* Client+Codable.swift */; };
		C929719424A039030038E8A7 /* Instructor+Codable.swift in Sources */ = {isa = PBXBuildFile; fileRef = C929719324A039030038E8A7 /* Instructor+Codable.swift */; };
		C929719A24A192520038E8A7 /* NetworkController.swift in Sources */ = {isa = PBXBuildFile; fileRef = C929719924A192520038E8A7 /* NetworkController.swift */; };
		C929719C24A194860038E8A7 /* Credentials.swift in Sources */ = {isa = PBXBuildFile; fileRef = C929719B24A194860038E8A7 /* Credentials.swift */; };
		C929719E24A1A5ED0038E8A7 /* UserLogin.swift in Sources */ = {isa = PBXBuildFile; fileRef = C929719D24A1A5ED0038E8A7 /* UserLogin.swift */; };
		C92971A624A43F4B0038E8A7 /* AnywhereFitnessTests.swift in Sources */ = {isa = PBXBuildFile; fileRef = C92971A524A43F4B0038E8A7 /* AnywhereFitnessTests.swift */; };
		C92971AF24A586720038E8A7 /* URLSessionProtocol.swift in Sources */ = {isa = PBXBuildFile; fileRef = C92971AE24A586720038E8A7 /* URLSessionProtocol.swift */; };
		C92971B124A587E80038E8A7 /* URLSession+SessionProtocol.swift in Sources */ = {isa = PBXBuildFile; fileRef = C92971B024A587E80038E8A7 /* URLSession+SessionProtocol.swift */; };
		C92971B324A588E80038E8A7 /* MockURLSession.swift in Sources */ = {isa = PBXBuildFile; fileRef = C92971B224A588E80038E8A7 /* MockURLSession.swift */; };
		C92971B624A58E2C0038E8A7 /* autocorrect.yml in Resources */ = {isa = PBXBuildFile; fileRef = C92971B424A58E2C0038E8A7 /* autocorrect.yml */; };
		C92971B724A58E2C0038E8A7 /* .swiftlint.yml in Resources */ = {isa = PBXBuildFile; fileRef = C92971B524A58E2C0038E8A7 /* .swiftlint.yml */; };
		D358010461941BE8E060F204 /* Pods_AnywhereFitness.framework in Frameworks */ = {isa = PBXBuildFile; fileRef = D84E6667AAF2B99DA04D60B1 /* Pods_AnywhereFitness.framework */; };
/* End PBXBuildFile section */

/* Begin PBXContainerItemProxy section */
		C92971A824A43F4B0038E8A7 /* PBXContainerItemProxy */ = {
			isa = PBXContainerItemProxy;
			containerPortal = C929714D249B07970038E8A7 /* Project object */;
			proxyType = 1;
			remoteGlobalIDString = C9297154249B07970038E8A7;
			remoteInfo = AnywhereFitness;
		};
/* End PBXContainerItemProxy section */

/* Begin PBXFileReference section */
		0219E754B15D141F4224C8D4 /* Pods-AnywhereFitnessTests.debug.xcconfig */ = {isa = PBXFileReference; includeInIndex = 1; lastKnownFileType = text.xcconfig; name = "Pods-AnywhereFitnessTests.debug.xcconfig"; path = "Target Support Files/Pods-AnywhereFitnessTests/Pods-AnywhereFitnessTests.debug.xcconfig"; sourceTree = "<group>"; };
		234470B2DEBC5E9E04EF443E /* Pods-AnywhereFitnessTests.release.xcconfig */ = {isa = PBXFileReference; includeInIndex = 1; lastKnownFileType = text.xcconfig; name = "Pods-AnywhereFitnessTests.release.xcconfig"; path = "Target Support Files/Pods-AnywhereFitnessTests/Pods-AnywhereFitnessTests.release.xcconfig"; sourceTree = "<group>"; };
		51BCABA5249DAF34004234A5 /* ClassSearchViewController.swift */ = {isa = PBXFileReference; lastKnownFileType = sourcecode.swift; path = ClassSearchViewController.swift; sourceTree = "<group>"; };
		51BCABA7249DAF44004234A5 /* HomePageViewController.swift */ = {isa = PBXFileReference; lastKnownFileType = sourcecode.swift; path = HomePageViewController.swift; sourceTree = "<group>"; };
		51BCABA9249DB2C6004234A5 /* Favorites.storyboard */ = {isa = PBXFileReference; fileEncoding = 4; lastKnownFileType = file.storyboard; path = Favorites.storyboard; sourceTree = "<group>"; };
		51BCABAB249DB2DC004234A5 /* Profile.storyboard */ = {isa = PBXFileReference; fileEncoding = 4; lastKnownFileType = file.storyboard; path = Profile.storyboard; sourceTree = "<group>"; };
		51BCABAD249DB2FA004234A5 /* Upcoming.storyboard */ = {isa = PBXFileReference; fileEncoding = 4; lastKnownFileType = file.storyboard; path = Upcoming.storyboard; sourceTree = "<group>"; };
		51BCABAF249DB311004234A5 /* ClassSearch.storyboard */ = {isa = PBXFileReference; fileEncoding = 4; lastKnownFileType = file.storyboard; path = ClassSearch.storyboard; sourceTree = "<group>"; };
		51E5CF3924A1A560005CDCE8 /* ClassSearchCollectionViewCell.swift */ = {isa = PBXFileReference; lastKnownFileType = sourcecode.swift; path = ClassSearchCollectionViewCell.swift; sourceTree = "<group>"; };
		51E5CF3B24A1A574005CDCE8 /* ClassSearch.swift */ = {isa = PBXFileReference; lastKnownFileType = sourcecode.swift; path = ClassSearch.swift; sourceTree = "<group>"; };
		51E5CF3D24A1A865005CDCE8 /* ClassSearchController.swift */ = {isa = PBXFileReference; lastKnownFileType = sourcecode.swift; path = ClassSearchController.swift; sourceTree = "<group>"; };
		51E5CF3F24A1AE93005CDCE8 /* ClassSearchCollectionViewController.swift */ = {isa = PBXFileReference; lastKnownFileType = sourcecode.swift; path = ClassSearchCollectionViewController.swift; sourceTree = "<group>"; };
		51E5CF4324A2E89C005CDCE8 /* DefinedSearchViewController.swift */ = {isa = PBXFileReference; lastKnownFileType = sourcecode.swift; path = DefinedSearchViewController.swift; sourceTree = "<group>"; };
		61C43FC624A3C09B00D0473F /* Class+Convenience.swift */ = {isa = PBXFileReference; lastKnownFileType = sourcecode.swift; path = "Class+Convenience.swift"; sourceTree = "<group>"; };
		61C43FC824A3C0B000D0473F /* ClassRepresentation.swift */ = {isa = PBXFileReference; lastKnownFileType = sourcecode.swift; path = ClassRepresentation.swift; sourceTree = "<group>"; };
		61C43FCA24A3C0C400D0473F /* Class+Codable.swift */ = {isa = PBXFileReference; lastKnownFileType = sourcecode.swift; path = "Class+Codable.swift"; sourceTree = "<group>"; };
		61C43FCC24A3E28D00D0473F /* CreateClassViewController.swift */ = {isa = PBXFileReference; lastKnownFileType = sourcecode.swift; path = CreateClassViewController.swift; sourceTree = "<group>"; };
		61C43FCE24A3E83800D0473F /* ClassController.swift */ = {isa = PBXFileReference; lastKnownFileType = sourcecode.swift; path = ClassController.swift; sourceTree = "<group>"; };
		99563F263B8EAAAA416CFCFA /* Pods_AnywhereFitnessTests.framework */ = {isa = PBXFileReference; explicitFileType = wrapper.framework; includeInIndex = 0; path = Pods_AnywhereFitnessTests.framework; sourceTree = BUILT_PRODUCTS_DIR; };
		A9ADB40B5BA963C4822D2AB8 /* Pods-AnywhereFitness.release.xcconfig */ = {isa = PBXFileReference; includeInIndex = 1; lastKnownFileType = text.xcconfig; name = "Pods-AnywhereFitness.release.xcconfig"; path = "Target Support Files/Pods-AnywhereFitness/Pods-AnywhereFitness.release.xcconfig"; sourceTree = "<group>"; };
		C9297155249B07970038E8A7 /* AnywhereFitness.app */ = {isa = PBXFileReference; explicitFileType = wrapper.application; includeInIndex = 0; path = AnywhereFitness.app; sourceTree = BUILT_PRODUCTS_DIR; };
		C9297158249B07970038E8A7 /* AppDelegate.swift */ = {isa = PBXFileReference; lastKnownFileType = sourcecode.swift; path = AppDelegate.swift; sourceTree = "<group>"; };
		C929715A249B07970038E8A7 /* SceneDelegate.swift */ = {isa = PBXFileReference; lastKnownFileType = sourcecode.swift; path = SceneDelegate.swift; sourceTree = "<group>"; };
		C929715F249B07970038E8A7 /* Base */ = {isa = PBXFileReference; lastKnownFileType = file.storyboard; name = Base; path = Base.lproj/Main.storyboard; sourceTree = "<group>"; };
		C9297162249B07970038E8A7 /* AnywhereFitness.xcdatamodel */ = {isa = PBXFileReference; lastKnownFileType = wrapper.xcdatamodel; path = AnywhereFitness.xcdatamodel; sourceTree = "<group>"; };
		C9297164249B079A0038E8A7 /* Assets.xcassets */ = {isa = PBXFileReference; lastKnownFileType = folder.assetcatalog; path = Assets.xcassets; sourceTree = "<group>"; };
		C9297167249B079A0038E8A7 /* Base */ = {isa = PBXFileReference; lastKnownFileType = file.storyboard; name = Base; path = Base.lproj/LaunchScreen.storyboard; sourceTree = "<group>"; };
		C9297169249B079A0038E8A7 /* Info.plist */ = {isa = PBXFileReference; lastKnownFileType = text.plist.xml; path = Info.plist; sourceTree = "<group>"; };
		C929716F249B0C890038E8A7 /* InstructorSignUp.storyboard */ = {isa = PBXFileReference; lastKnownFileType = file.storyboard; path = InstructorSignUp.storyboard; sourceTree = "<group>"; };
		C9297171249B0C990038E8A7 /* ClientSignUp.storyboard */ = {isa = PBXFileReference; lastKnownFileType = file.storyboard; path = ClientSignUp.storyboard; sourceTree = "<group>"; };
		C9297177249B13090038E8A7 /* LandingPageViewController.swift */ = {isa = PBXFileReference; lastKnownFileType = sourcecode.swift; path = LandingPageViewController.swift; sourceTree = "<group>"; };
		C9297179249B13FF0038E8A7 /* InstructorSignUpViewController.swift */ = {isa = PBXFileReference; lastKnownFileType = sourcecode.swift; path = InstructorSignUpViewController.swift; sourceTree = "<group>"; };
		C929717B249B140C0038E8A7 /* ClientSignUpViewController.swift */ = {isa = PBXFileReference; lastKnownFileType = sourcecode.swift; path = ClientSignUpViewController.swift; sourceTree = "<group>"; };
		C9297183249C48FF0038E8A7 /* Color+Extension.swift */ = {isa = PBXFileReference; lastKnownFileType = sourcecode.swift; path = "Color+Extension.swift"; sourceTree = "<group>"; };
		C929718724A030460038E8A7 /* CoreDataStack.swift */ = {isa = PBXFileReference; lastKnownFileType = sourcecode.swift; path = CoreDataStack.swift; sourceTree = "<group>"; };
		C929718924A031400038E8A7 /* Client+Convencience.swift */ = {isa = PBXFileReference; lastKnownFileType = sourcecode.swift; path = "Client+Convencience.swift"; sourceTree = "<group>"; };
		C929718B24A033250038E8A7 /* ClientRepresentation.swift */ = {isa = PBXFileReference; lastKnownFileType = sourcecode.swift; path = ClientRepresentation.swift; sourceTree = "<group>"; };
		C929718D24A035E80038E8A7 /* InstructorRepresentation.swift */ = {isa = PBXFileReference; lastKnownFileType = sourcecode.swift; path = InstructorRepresentation.swift; sourceTree = "<group>"; };
		C929718F24A036530038E8A7 /* Instructor+Convenience.swift */ = {isa = PBXFileReference; lastKnownFileType = sourcecode.swift; path = "Instructor+Convenience.swift"; sourceTree = "<group>"; };
		C929719124A0384E0038E8A7 /* Client+Codable.swift */ = {isa = PBXFileReference; lastKnownFileType = sourcecode.swift; path = "Client+Codable.swift"; sourceTree = "<group>"; };
		C929719324A039030038E8A7 /* Instructor+Codable.swift */ = {isa = PBXFileReference; lastKnownFileType = sourcecode.swift; path = "Instructor+Codable.swift"; sourceTree = "<group>"; };
		C929719924A192520038E8A7 /* NetworkController.swift */ = {isa = PBXFileReference; lastKnownFileType = sourcecode.swift; path = NetworkController.swift; sourceTree = "<group>"; };
		C929719B24A194860038E8A7 /* Credentials.swift */ = {isa = PBXFileReference; lastKnownFileType = sourcecode.swift; path = Credentials.swift; sourceTree = "<group>"; };
		C929719D24A1A5ED0038E8A7 /* UserLogin.swift */ = {isa = PBXFileReference; lastKnownFileType = sourcecode.swift; path = UserLogin.swift; sourceTree = "<group>"; };
		C92971A324A43F4B0038E8A7 /* AnywhereFitnessTests.xctest */ = {isa = PBXFileReference; explicitFileType = wrapper.cfbundle; includeInIndex = 0; path = AnywhereFitnessTests.xctest; sourceTree = BUILT_PRODUCTS_DIR; };
		C92971A524A43F4B0038E8A7 /* AnywhereFitnessTests.swift */ = {isa = PBXFileReference; lastKnownFileType = sourcecode.swift; path = AnywhereFitnessTests.swift; sourceTree = "<group>"; };
		C92971A724A43F4B0038E8A7 /* Info.plist */ = {isa = PBXFileReference; lastKnownFileType = text.plist.xml; path = Info.plist; sourceTree = "<group>"; };
		C92971AE24A586720038E8A7 /* URLSessionProtocol.swift */ = {isa = PBXFileReference; lastKnownFileType = sourcecode.swift; name = URLSessionProtocol.swift; path = AnywhereFitness/Models/URLSessionProtocol.swift; sourceTree = SOURCE_ROOT; };
		C92971B024A587E80038E8A7 /* URLSession+SessionProtocol.swift */ = {isa = PBXFileReference; lastKnownFileType = sourcecode.swift; name = "URLSession+SessionProtocol.swift"; path = "AnywhereFitness/Models/URLSession+SessionProtocol.swift"; sourceTree = SOURCE_ROOT; };
		C92971B224A588E80038E8A7 /* MockURLSession.swift */ = {isa = PBXFileReference; lastKnownFileType = sourcecode.swift; name = MockURLSession.swift; path = AnywhereFitness/Models/MockURLSession.swift; sourceTree = SOURCE_ROOT; };
		C92971B424A58E2C0038E8A7 /* autocorrect.yml */ = {isa = PBXFileReference; fileEncoding = 4; lastKnownFileType = text.yaml; path = autocorrect.yml; sourceTree = "<group>"; };
		C92971B524A58E2C0038E8A7 /* .swiftlint.yml */ = {isa = PBXFileReference; fileEncoding = 4; lastKnownFileType = text.yaml; path = .swiftlint.yml; sourceTree = "<group>"; };
		D84E6667AAF2B99DA04D60B1 /* Pods_AnywhereFitness.framework */ = {isa = PBXFileReference; explicitFileType = wrapper.framework; includeInIndex = 0; path = Pods_AnywhereFitness.framework; sourceTree = BUILT_PRODUCTS_DIR; };
		F15B1BE69C5E11803EB9F622 /* Pods-AnywhereFitness.debug.xcconfig */ = {isa = PBXFileReference; includeInIndex = 1; lastKnownFileType = text.xcconfig; name = "Pods-AnywhereFitness.debug.xcconfig"; path = "Target Support Files/Pods-AnywhereFitness/Pods-AnywhereFitness.debug.xcconfig"; sourceTree = "<group>"; };
/* End PBXFileReference section */

/* Begin PBXFrameworksBuildPhase section */
		C9297152249B07970038E8A7 /* Frameworks */ = {
			isa = PBXFrameworksBuildPhase;
			buildActionMask = 2147483647;
			files = (
				D358010461941BE8E060F204 /* Pods_AnywhereFitness.framework in Frameworks */,
			);
			runOnlyForDeploymentPostprocessing = 0;
		};
		C92971A024A43F4B0038E8A7 /* Frameworks */ = {
			isa = PBXFrameworksBuildPhase;
			buildActionMask = 2147483647;
			files = (
				01625438F7766891A39125DE /* Pods_AnywhereFitnessTests.framework in Frameworks */,
			);
			runOnlyForDeploymentPostprocessing = 0;
		};
/* End PBXFrameworksBuildPhase section */

/* Begin PBXGroup section */
		264F75A55EE0E8BD9492D653 /* Pods */ = {
			isa = PBXGroup;
			children = (
				F15B1BE69C5E11803EB9F622 /* Pods-AnywhereFitness.debug.xcconfig */,
				A9ADB40B5BA963C4822D2AB8 /* Pods-AnywhereFitness.release.xcconfig */,
				0219E754B15D141F4224C8D4 /* Pods-AnywhereFitnessTests.debug.xcconfig */,
				234470B2DEBC5E9E04EF443E /* Pods-AnywhereFitnessTests.release.xcconfig */,
			);
			path = Pods;
			sourceTree = "<group>";
		};
		51BCAB9F249DAEAE004234A5 /* Josh's Setup */ = {
			isa = PBXGroup;
			children = (
				51E5CF3824A1A539005CDCE8 /* Model Controller */,
				51BCABA4249DAEEF004234A5 /* View Controllers */,
				51BCABA1249DAECF004234A5 /* Storyboards */,
				51E5CF3724A1A52A005CDCE8 /* Model */,
				51E5CF3524A1A512005CDCE8 /* Views */,
			);
			path = "Josh's Setup";
			sourceTree = "<group>";
		};
		51BCABA1249DAECF004234A5 /* Storyboards */ = {
			isa = PBXGroup;
			children = (
				51BCABAF249DB311004234A5 /* ClassSearch.storyboard */,
				51BCABAD249DB2FA004234A5 /* Upcoming.storyboard */,
				51BCABAB249DB2DC004234A5 /* Profile.storyboard */,
				51BCABA9249DB2C6004234A5 /* Favorites.storyboard */,
			);
			path = Storyboards;
			sourceTree = "<group>";
		};
		51BCABA4249DAEEF004234A5 /* View Controllers */ = {
			isa = PBXGroup;
			children = (
				51BCABA5249DAF34004234A5 /* ClassSearchViewController.swift */,
				51BCABA7249DAF44004234A5 /* HomePageViewController.swift */,
				51E5CF4324A2E89C005CDCE8 /* DefinedSearchViewController.swift */,
			);
			path = "View Controllers";
			sourceTree = "<group>";
		};
		51E5CF3524A1A512005CDCE8 /* Views */ = {
			isa = PBXGroup;
			children = (
				51E5CF3924A1A560005CDCE8 /* ClassSearchCollectionViewCell.swift */,
				51E5CF3F24A1AE93005CDCE8 /* ClassSearchCollectionViewController.swift */,
			);
			path = Views;
			sourceTree = "<group>";
		};
		51E5CF3724A1A52A005CDCE8 /* Model */ = {
			isa = PBXGroup;
			children = (
				51E5CF3B24A1A574005CDCE8 /* ClassSearch.swift */,
			);
			path = Model;
			sourceTree = "<group>";
		};
		51E5CF3824A1A539005CDCE8 /* Model Controller */ = {
			isa = PBXGroup;
			children = (
				51E5CF3D24A1A865005CDCE8 /* ClassSearchController.swift */,
			);
			path = "Model Controller";
			sourceTree = "<group>";
		};
		7B3982D429A97AA7337C16AC /* Frameworks */ = {
			isa = PBXGroup;
			children = (
				D84E6667AAF2B99DA04D60B1 /* Pods_AnywhereFitness.framework */,
				99563F263B8EAAAA416CFCFA /* Pods_AnywhereFitnessTests.framework */,
			);
			name = Frameworks;
			sourceTree = "<group>";
		};
		C929714C249B07970038E8A7 = {
			isa = PBXGroup;
			children = (
				C9297157249B07970038E8A7 /* AnywhereFitness */,
				C92971A424A43F4B0038E8A7 /* AnywhereFitnessTests */,
				C9297156249B07970038E8A7 /* Products */,
				264F75A55EE0E8BD9492D653 /* Pods */,
				7B3982D429A97AA7337C16AC /* Frameworks */,
			);
			sourceTree = "<group>";
		};
		C9297156249B07970038E8A7 /* Products */ = {
			isa = PBXGroup;
			children = (
				C9297155249B07970038E8A7 /* AnywhereFitness.app */,
				C92971A324A43F4B0038E8A7 /* AnywhereFitnessTests.xctest */,
			);
			name = Products;
			sourceTree = "<group>";
		};
		C9297157249B07970038E8A7 /* AnywhereFitness */ = {
			isa = PBXGroup;
			children = (
				C9297169249B079A0038E8A7 /* Info.plist */,
				C9297164249B079A0038E8A7 /* Assets.xcassets */,
				C9297185249C49040038E8A7 /* Helpers */,
				51BCAB9F249DAEAE004234A5 /* Josh's Setup */,
				C929719824A192380038E8A7 /* Model Controllers */,
				C929718624A030350038E8A7 /* Models */,
				C9297182249C47F50038E8A7 /* Resources */,
				C9297181249C478C0038E8A7 /* Storyboards */,
				C92971AD24A5864C0038E8A7 /* TestFiles */,
				C9297176249B12E30038E8A7 /* View Controllers */,
			);
			path = AnywhereFitness;
			sourceTree = "<group>";
		};
		C9297176249B12E30038E8A7 /* View Controllers */ = {
			isa = PBXGroup;
			children = (
				C929717B249B140C0038E8A7 /* ClientSignUpViewController.swift */,
				C9297179249B13FF0038E8A7 /* InstructorSignUpViewController.swift */,
				C9297177249B13090038E8A7 /* LandingPageViewController.swift */,
				61C43FCC24A3E28D00D0473F /* CreateClassViewController.swift */,
			);
			path = "View Controllers";
			sourceTree = "<group>";
		};
		C9297181249C478C0038E8A7 /* Storyboards */ = {
			isa = PBXGroup;
			children = (
				C9297171249B0C990038E8A7 /* ClientSignUp.storyboard */,
				C929716F249B0C890038E8A7 /* InstructorSignUp.storyboard */,
				C9297166249B079A0038E8A7 /* LaunchScreen.storyboard */,
				C929715E249B07970038E8A7 /* Main.storyboard */,
			);
			path = Storyboards;
			sourceTree = "<group>";
		};
		C9297182249C47F50038E8A7 /* Resources */ = {
			isa = PBXGroup;
			children = (
				C92971B524A58E2C0038E8A7 /* .swiftlint.yml */,
				C92971B424A58E2C0038E8A7 /* autocorrect.yml */,
				C929715A249B07970038E8A7 /* SceneDelegate.swift */,
				C9297158249B07970038E8A7 /* AppDelegate.swift */,
			);
			path = Resources;
			sourceTree = "<group>";
		};
		C9297185249C49040038E8A7 /* Helpers */ = {
			isa = PBXGroup;
			children = (
				C9297183249C48FF0038E8A7 /* Color+Extension.swift */,
			);
			path = Helpers;
			sourceTree = "<group>";
		};
		C929718624A030350038E8A7 /* Models */ = {
			isa = PBXGroup;
			children = (
				C9297161249B07970038E8A7 /* AnywhereFitness.xcdatamodeld */,
				C929719124A0384E0038E8A7 /* Client+Codable.swift */,
				C929718924A031400038E8A7 /* Client+Convencience.swift */,
				C929718B24A033250038E8A7 /* ClientRepresentation.swift */,
				C929718724A030460038E8A7 /* CoreDataStack.swift */,
				C929719324A039030038E8A7 /* Instructor+Codable.swift */,
				C929718F24A036530038E8A7 /* Instructor+Convenience.swift */,
				C929718D24A035E80038E8A7 /* InstructorRepresentation.swift */,
				C929719B24A194860038E8A7 /* Credentials.swift */,
				C929719D24A1A5ED0038E8A7 /* UserLogin.swift */,
				61C43FC624A3C09B00D0473F /* Class+Convenience.swift */,
				61C43FC824A3C0B000D0473F /* ClassRepresentation.swift */,
				61C43FCA24A3C0C400D0473F /* Class+Codable.swift */,
			);
			path = Models;
			sourceTree = "<group>";
		};
		C929719824A192380038E8A7 /* Model Controllers */ = {
			isa = PBXGroup;
			children = (
				C929719924A192520038E8A7 /* NetworkController.swift */,
				61C43FCE24A3E83800D0473F /* ClassController.swift */,
			);
			path = "Model Controllers";
			sourceTree = "<group>";
		};
		C92971A424A43F4B0038E8A7 /* AnywhereFitnessTests */ = {
			isa = PBXGroup;
			children = (
				C92971A524A43F4B0038E8A7 /* AnywhereFitnessTests.swift */,
				C92971A724A43F4B0038E8A7 /* Info.plist */,
			);
			path = AnywhereFitnessTests;
			sourceTree = "<group>";
		};
		C92971AD24A5864C0038E8A7 /* TestFiles */ = {
			isa = PBXGroup;
			children = (
				C92971AE24A586720038E8A7 /* URLSessionProtocol.swift */,
				C92971B024A587E80038E8A7 /* URLSession+SessionProtocol.swift */,
				C92971B224A588E80038E8A7 /* MockURLSession.swift */,
			);
			path = TestFiles;
			sourceTree = "<group>";
		};
/* End PBXGroup section */

/* Begin PBXNativeTarget section */
		C9297154249B07970038E8A7 /* AnywhereFitness */ = {
			isa = PBXNativeTarget;
			buildConfigurationList = C929716C249B079A0038E8A7 /* Build configuration list for PBXNativeTarget "AnywhereFitness" */;
			buildPhases = (
				BD3EAE88E71129E9F85C0F43 /* [CP] Check Pods Manifest.lock */,
				C9297151249B07970038E8A7 /* Sources */,
				C9297152249B07970038E8A7 /* Frameworks */,
				C9297153249B07970038E8A7 /* Resources */,
				C92971B824A58EC20038E8A7 /* ShellScript */,
			);
			buildRules = (
			);
			dependencies = (
			);
			name = AnywhereFitness;
			productName = AnywhereFitness;
			productReference = C9297155249B07970038E8A7 /* AnywhereFitness.app */;
			productType = "com.apple.product-type.application";
		};
		C92971A224A43F4B0038E8A7 /* AnywhereFitnessTests */ = {
			isa = PBXNativeTarget;
			buildConfigurationList = C92971AC24A43F4B0038E8A7 /* Build configuration list for PBXNativeTarget "AnywhereFitnessTests" */;
			buildPhases = (
				30347FE73E28DDA50B8F8C85 /* [CP] Check Pods Manifest.lock */,
				C929719F24A43F4B0038E8A7 /* Sources */,
				C92971A024A43F4B0038E8A7 /* Frameworks */,
				C92971A124A43F4B0038E8A7 /* Resources */,
			);
			buildRules = (
			);
			dependencies = (
				C92971A924A43F4B0038E8A7 /* PBXTargetDependency */,
			);
			name = AnywhereFitnessTests;
			productName = AnywhereFitnessTests;
			productReference = C92971A324A43F4B0038E8A7 /* AnywhereFitnessTests.xctest */;
			productType = "com.apple.product-type.bundle.unit-test";
		};
/* End PBXNativeTarget section */

/* Begin PBXProject section */
		C929714D249B07970038E8A7 /* Project object */ = {
			isa = PBXProject;
			attributes = {
				LastSwiftUpdateCheck = 1140;
				LastUpgradeCheck = 1140;
				ORGANIZATIONNAME = "Matthew Martindale";
				TargetAttributes = {
					C9297154249B07970038E8A7 = {
						CreatedOnToolsVersion = 11.4.1;
					};
					C92971A224A43F4B0038E8A7 = {
						CreatedOnToolsVersion = 11.4.1;
						TestTargetID = C9297154249B07970038E8A7;
					};
				};
			};
			buildConfigurationList = C9297150249B07970038E8A7 /* Build configuration list for PBXProject "AnywhereFitness" */;
			compatibilityVersion = "Xcode 9.3";
			developmentRegion = en;
			hasScannedForEncodings = 0;
			knownRegions = (
				en,
				Base,
			);
			mainGroup = C929714C249B07970038E8A7;
			productRefGroup = C9297156249B07970038E8A7 /* Products */;
			projectDirPath = "";
			projectRoot = "";
			targets = (
				C9297154249B07970038E8A7 /* AnywhereFitness */,
				C92971A224A43F4B0038E8A7 /* AnywhereFitnessTests */,
			);
		};
/* End PBXProject section */

/* Begin PBXResourcesBuildPhase section */
		C9297153249B07970038E8A7 /* Resources */ = {
			isa = PBXResourcesBuildPhase;
			buildActionMask = 2147483647;
			files = (
				C92971B624A58E2C0038E8A7 /* autocorrect.yml in Resources */,
				C9297168249B079A0038E8A7 /* LaunchScreen.storyboard in Resources */,
				C9297170249B0C890038E8A7 /* InstructorSignUp.storyboard in Resources */,
				51BCABAA249DB2C6004234A5 /* Favorites.storyboard in Resources */,
				C9297165249B079A0038E8A7 /* Assets.xcassets in Resources */,
				51BCABAE249DB2FA004234A5 /* Upcoming.storyboard in Resources */,
				51BCABB0249DB311004234A5 /* ClassSearch.storyboard in Resources */,
				C9297160249B07970038E8A7 /* Main.storyboard in Resources */,
				51BCABAC249DB2DC004234A5 /* Profile.storyboard in Resources */,
				C9297172249B0C990038E8A7 /* ClientSignUp.storyboard in Resources */,
				C92971B724A58E2C0038E8A7 /* .swiftlint.yml in Resources */,
			);
			runOnlyForDeploymentPostprocessing = 0;
		};
		C92971A124A43F4B0038E8A7 /* Resources */ = {
			isa = PBXResourcesBuildPhase;
			buildActionMask = 2147483647;
			files = (
			);
			runOnlyForDeploymentPostprocessing = 0;
		};
/* End PBXResourcesBuildPhase section */

/* Begin PBXShellScriptBuildPhase section */
		30347FE73E28DDA50B8F8C85 /* [CP] Check Pods Manifest.lock */ = {
			isa = PBXShellScriptBuildPhase;
			buildActionMask = 2147483647;
			files = (
			);
			inputFileListPaths = (
			);
			inputPaths = (
				"${PODS_PODFILE_DIR_PATH}/Podfile.lock",
				"${PODS_ROOT}/Manifest.lock",
			);
			name = "[CP] Check Pods Manifest.lock";
			outputFileListPaths = (
			);
			outputPaths = (
				"$(DERIVED_FILE_DIR)/Pods-AnywhereFitnessTests-checkManifestLockResult.txt",
			);
			runOnlyForDeploymentPostprocessing = 0;
			shellPath = /bin/sh;
			shellScript = "diff \"${PODS_PODFILE_DIR_PATH}/Podfile.lock\" \"${PODS_ROOT}/Manifest.lock\" > /dev/null\nif [ $? != 0 ] ; then\n    # print error to STDERR\n    echo \"error: The sandbox is not in sync with the Podfile.lock. Run 'pod install' or update your CocoaPods installation.\" >&2\n    exit 1\nfi\n# This output is used by Xcode 'outputs' to avoid re-running this script phase.\necho \"SUCCESS\" > \"${SCRIPT_OUTPUT_FILE_0}\"\n";
			showEnvVarsInLog = 0;
		};
		BD3EAE88E71129E9F85C0F43 /* [CP] Check Pods Manifest.lock */ = {
			isa = PBXShellScriptBuildPhase;
			buildActionMask = 2147483647;
			files = (
			);
			inputFileListPaths = (
			);
			inputPaths = (
				"${PODS_PODFILE_DIR_PATH}/Podfile.lock",
				"${PODS_ROOT}/Manifest.lock",
			);
			name = "[CP] Check Pods Manifest.lock";
			outputFileListPaths = (
			);
			outputPaths = (
				"$(DERIVED_FILE_DIR)/Pods-AnywhereFitness-checkManifestLockResult.txt",
			);
			runOnlyForDeploymentPostprocessing = 0;
			shellPath = /bin/sh;
			shellScript = "diff \"${PODS_PODFILE_DIR_PATH}/Podfile.lock\" \"${PODS_ROOT}/Manifest.lock\" > /dev/null\nif [ $? != 0 ] ; then\n    # print error to STDERR\n    echo \"error: The sandbox is not in sync with the Podfile.lock. Run 'pod install' or update your CocoaPods installation.\" >&2\n    exit 1\nfi\n# This output is used by Xcode 'outputs' to avoid re-running this script phase.\necho \"SUCCESS\" > \"${SCRIPT_OUTPUT_FILE_0}\"\n";
			showEnvVarsInLog = 0;
		};
		C92971B824A58EC20038E8A7 /* ShellScript */ = {
			isa = PBXShellScriptBuildPhase;
			buildActionMask = 2147483647;
			files = (
			);
			inputFileListPaths = (
			);
			inputPaths = (
			);
			outputFileListPaths = (
			);
			outputPaths = (
			);
			runOnlyForDeploymentPostprocessing = 0;
			shellPath = /bin/sh;
			shellScript = "# Type a script or drag a script file from your workspace to insert its path.\n\"${PODS_ROOT}/SwiftLint/swiftlint\"\n";
		};
/* End PBXShellScriptBuildPhase section */

/* Begin PBXSourcesBuildPhase section */
		C9297151249B07970038E8A7 /* Sources */ = {
			isa = PBXSourcesBuildPhase;
			buildActionMask = 2147483647;
			files = (
				C92971AF24A586720038E8A7 /* URLSessionProtocol.swift in Sources */,
				61C43FC724A3C09B00D0473F /* Class+Convenience.swift in Sources */,
				51E5CF4424A2E89C005CDCE8 /* DefinedSearchViewController.swift in Sources */,
				61C43FCB24A3C0C400D0473F /* Class+Codable.swift in Sources */,
				C929719A24A192520038E8A7 /* NetworkController.swift in Sources */,
				C929717C249B140C0038E8A7 /* ClientSignUpViewController.swift in Sources */,
				C9297184249C48FF0038E8A7 /* Color+Extension.swift in Sources */,
				51BCABA8249DAF44004234A5 /* HomePageViewController.swift in Sources */,
				C9297159249B07970038E8A7 /* AppDelegate.swift in Sources */,
				C929718E24A035E80038E8A7 /* InstructorRepresentation.swift in Sources */,
				C929719024A036530038E8A7 /* Instructor+Convenience.swift in Sources */,
				C929719224A0384E0038E8A7 /* Client+Codable.swift in Sources */,
				C929719C24A194860038E8A7 /* Credentials.swift in Sources */,
				51E5CF3A24A1A560005CDCE8 /* ClassSearchCollectionViewCell.swift in Sources */,
				C929715B249B07970038E8A7 /* SceneDelegate.swift in Sources */,
				C9297163249B07970038E8A7 /* AnywhereFitness.xcdatamodeld in Sources */,
				C92971B324A588E80038E8A7 /* MockURLSession.swift in Sources */,
				51BCABA6249DAF34004234A5 /* ClassSearchViewController.swift in Sources */,
				61C43FC924A3C0B000D0473F /* ClassRepresentation.swift in Sources */,
				C929718C24A033250038E8A7 /* ClientRepresentation.swift in Sources */,
				51E5CF3E24A1A865005CDCE8 /* ClassSearchController.swift in Sources */,
				C92971B124A587E80038E8A7 /* URLSession+SessionProtocol.swift in Sources */,
				51E5CF4024A1AE93005CDCE8 /* ClassSearchCollectionViewController.swift in Sources */,
				C929717A249B13FF0038E8A7 /* InstructorSignUpViewController.swift in Sources */,
				C9297178249B13090038E8A7 /* LandingPageViewController.swift in Sources */,
				51E5CF3C24A1A574005CDCE8 /* ClassSearch.swift in Sources */,
				61C43FCD24A3E28D00D0473F /* CreateClassViewController.swift in Sources */,
				C929719424A039030038E8A7 /* Instructor+Codable.swift in Sources */,
				C929718824A030460038E8A7 /* CoreDataStack.swift in Sources */,
				C929718A24A031400038E8A7 /* Client+Convencience.swift in Sources */,
				C929719E24A1A5ED0038E8A7 /* UserLogin.swift in Sources */,
				61C43FCF24A3E83800D0473F /* ClassController.swift in Sources */,
			);
			runOnlyForDeploymentPostprocessing = 0;
		};
		C929719F24A43F4B0038E8A7 /* Sources */ = {
			isa = PBXSourcesBuildPhase;
			buildActionMask = 2147483647;
			files = (
				C92971A624A43F4B0038E8A7 /* AnywhereFitnessTests.swift in Sources */,
			);
			runOnlyForDeploymentPostprocessing = 0;
		};
/* End PBXSourcesBuildPhase section */

/* Begin PBXTargetDependency section */
		C92971A924A43F4B0038E8A7 /* PBXTargetDependency */ = {
			isa = PBXTargetDependency;
			target = C9297154249B07970038E8A7 /* AnywhereFitness */;
			targetProxy = C92971A824A43F4B0038E8A7 /* PBXContainerItemProxy */;
		};
/* End PBXTargetDependency section */

/* Begin PBXVariantGroup section */
		C929715E249B07970038E8A7 /* Main.storyboard */ = {
			isa = PBXVariantGroup;
			children = (
				C929715F249B07970038E8A7 /* Base */,
			);
			name = Main.storyboard;
			sourceTree = "<group>";
		};
		C9297166249B079A0038E8A7 /* LaunchScreen.storyboard */ = {
			isa = PBXVariantGroup;
			children = (
				C9297167249B079A0038E8A7 /* Base */,
			);
			name = LaunchScreen.storyboard;
			sourceTree = "<group>";
		};
/* End PBXVariantGroup section */

/* Begin XCBuildConfiguration section */
		C929716A249B079A0038E8A7 /* Debug */ = {
			isa = XCBuildConfiguration;
			buildSettings = {
				ALWAYS_SEARCH_USER_PATHS = NO;
				CLANG_ANALYZER_NONNULL = YES;
				CLANG_ANALYZER_NUMBER_OBJECT_CONVERSION = YES_AGGRESSIVE;
				CLANG_CXX_LANGUAGE_STANDARD = "gnu++14";
				CLANG_CXX_LIBRARY = "libc++";
				CLANG_ENABLE_MODULES = YES;
				CLANG_ENABLE_OBJC_ARC = YES;
				CLANG_ENABLE_OBJC_WEAK = YES;
				CLANG_WARN_BLOCK_CAPTURE_AUTORELEASING = YES;
				CLANG_WARN_BOOL_CONVERSION = YES;
				CLANG_WARN_COMMA = YES;
				CLANG_WARN_CONSTANT_CONVERSION = YES;
				CLANG_WARN_DEPRECATED_OBJC_IMPLEMENTATIONS = YES;
				CLANG_WARN_DIRECT_OBJC_ISA_USAGE = YES_ERROR;
				CLANG_WARN_DOCUMENTATION_COMMENTS = YES;
				CLANG_WARN_EMPTY_BODY = YES;
				CLANG_WARN_ENUM_CONVERSION = YES;
				CLANG_WARN_INFINITE_RECURSION = YES;
				CLANG_WARN_INT_CONVERSION = YES;
				CLANG_WARN_NON_LITERAL_NULL_CONVERSION = YES;
				CLANG_WARN_OBJC_IMPLICIT_RETAIN_SELF = YES;
				CLANG_WARN_OBJC_LITERAL_CONVERSION = YES;
				CLANG_WARN_OBJC_ROOT_CLASS = YES_ERROR;
				CLANG_WARN_RANGE_LOOP_ANALYSIS = YES;
				CLANG_WARN_STRICT_PROTOTYPES = YES;
				CLANG_WARN_SUSPICIOUS_MOVE = YES;
				CLANG_WARN_UNGUARDED_AVAILABILITY = YES_AGGRESSIVE;
				CLANG_WARN_UNREACHABLE_CODE = YES;
				CLANG_WARN__DUPLICATE_METHOD_MATCH = YES;
				COPY_PHASE_STRIP = NO;
				DEBUG_INFORMATION_FORMAT = dwarf;
				ENABLE_STRICT_OBJC_MSGSEND = YES;
				ENABLE_TESTABILITY = YES;
				GCC_C_LANGUAGE_STANDARD = gnu11;
				GCC_DYNAMIC_NO_PIC = NO;
				GCC_NO_COMMON_BLOCKS = YES;
				GCC_OPTIMIZATION_LEVEL = 0;
				GCC_PREPROCESSOR_DEFINITIONS = (
					"DEBUG=1",
					"$(inherited)",
				);
				GCC_WARN_64_TO_32_BIT_CONVERSION = YES;
				GCC_WARN_ABOUT_RETURN_TYPE = YES_ERROR;
				GCC_WARN_UNDECLARED_SELECTOR = YES;
				GCC_WARN_UNINITIALIZED_AUTOS = YES_AGGRESSIVE;
				GCC_WARN_UNUSED_FUNCTION = YES;
				GCC_WARN_UNUSED_VARIABLE = YES;
				IPHONEOS_DEPLOYMENT_TARGET = 13.4;
				MTL_ENABLE_DEBUG_INFO = INCLUDE_SOURCE;
				MTL_FAST_MATH = YES;
				ONLY_ACTIVE_ARCH = YES;
				SDKROOT = iphoneos;
				SWIFT_ACTIVE_COMPILATION_CONDITIONS = DEBUG;
				SWIFT_OPTIMIZATION_LEVEL = "-Onone";
			};
			name = Debug;
		};
		C929716B249B079A0038E8A7 /* Release */ = {
			isa = XCBuildConfiguration;
			buildSettings = {
				ALWAYS_SEARCH_USER_PATHS = NO;
				CLANG_ANALYZER_NONNULL = YES;
				CLANG_ANALYZER_NUMBER_OBJECT_CONVERSION = YES_AGGRESSIVE;
				CLANG_CXX_LANGUAGE_STANDARD = "gnu++14";
				CLANG_CXX_LIBRARY = "libc++";
				CLANG_ENABLE_MODULES = YES;
				CLANG_ENABLE_OBJC_ARC = YES;
				CLANG_ENABLE_OBJC_WEAK = YES;
				CLANG_WARN_BLOCK_CAPTURE_AUTORELEASING = YES;
				CLANG_WARN_BOOL_CONVERSION = YES;
				CLANG_WARN_COMMA = YES;
				CLANG_WARN_CONSTANT_CONVERSION = YES;
				CLANG_WARN_DEPRECATED_OBJC_IMPLEMENTATIONS = YES;
				CLANG_WARN_DIRECT_OBJC_ISA_USAGE = YES_ERROR;
				CLANG_WARN_DOCUMENTATION_COMMENTS = YES;
				CLANG_WARN_EMPTY_BODY = YES;
				CLANG_WARN_ENUM_CONVERSION = YES;
				CLANG_WARN_INFINITE_RECURSION = YES;
				CLANG_WARN_INT_CONVERSION = YES;
				CLANG_WARN_NON_LITERAL_NULL_CONVERSION = YES;
				CLANG_WARN_OBJC_IMPLICIT_RETAIN_SELF = YES;
				CLANG_WARN_OBJC_LITERAL_CONVERSION = YES;
				CLANG_WARN_OBJC_ROOT_CLASS = YES_ERROR;
				CLANG_WARN_RANGE_LOOP_ANALYSIS = YES;
				CLANG_WARN_STRICT_PROTOTYPES = YES;
				CLANG_WARN_SUSPICIOUS_MOVE = YES;
				CLANG_WARN_UNGUARDED_AVAILABILITY = YES_AGGRESSIVE;
				CLANG_WARN_UNREACHABLE_CODE = YES;
				CLANG_WARN__DUPLICATE_METHOD_MATCH = YES;
				COPY_PHASE_STRIP = NO;
				DEBUG_INFORMATION_FORMAT = "dwarf-with-dsym";
				ENABLE_NS_ASSERTIONS = NO;
				ENABLE_STRICT_OBJC_MSGSEND = YES;
				GCC_C_LANGUAGE_STANDARD = gnu11;
				GCC_NO_COMMON_BLOCKS = YES;
				GCC_WARN_64_TO_32_BIT_CONVERSION = YES;
				GCC_WARN_ABOUT_RETURN_TYPE = YES_ERROR;
				GCC_WARN_UNDECLARED_SELECTOR = YES;
				GCC_WARN_UNINITIALIZED_AUTOS = YES_AGGRESSIVE;
				GCC_WARN_UNUSED_FUNCTION = YES;
				GCC_WARN_UNUSED_VARIABLE = YES;
				IPHONEOS_DEPLOYMENT_TARGET = 13.4;
				MTL_ENABLE_DEBUG_INFO = NO;
				MTL_FAST_MATH = YES;
				SDKROOT = iphoneos;
				SWIFT_COMPILATION_MODE = wholemodule;
				SWIFT_OPTIMIZATION_LEVEL = "-O";
				VALIDATE_PRODUCT = YES;
			};
			name = Release;
		};
		C929716D249B079A0038E8A7 /* Debug */ = {
			isa = XCBuildConfiguration;
			baseConfigurationReference = F15B1BE69C5E11803EB9F622 /* Pods-AnywhereFitness.debug.xcconfig */;
			buildSettings = {
				ASSETCATALOG_COMPILER_APPICON_NAME = AppIcon;
				CODE_SIGN_STYLE = Automatic;
				INFOPLIST_FILE = AnywhereFitness/Info.plist;
				IPHONEOS_DEPLOYMENT_TARGET = 13.4;
				LD_RUNPATH_SEARCH_PATHS = (
					"$(inherited)",
					"@executable_path/Frameworks",
				);
				PRODUCT_BUNDLE_IDENTIFIER = com.mattmartindale.AnywhereFitness;
				PRODUCT_NAME = "$(TARGET_NAME)";
				SWIFT_VERSION = 5.0;
				TARGETED_DEVICE_FAMILY = "1,2";
			};
			name = Debug;
		};
		C929716E249B079A0038E8A7 /* Release */ = {
			isa = XCBuildConfiguration;
			baseConfigurationReference = A9ADB40B5BA963C4822D2AB8 /* Pods-AnywhereFitness.release.xcconfig */;
			buildSettings = {
				ASSETCATALOG_COMPILER_APPICON_NAME = AppIcon;
				CODE_SIGN_STYLE = Automatic;
				INFOPLIST_FILE = AnywhereFitness/Info.plist;
				IPHONEOS_DEPLOYMENT_TARGET = 13.4;
				LD_RUNPATH_SEARCH_PATHS = (
					"$(inherited)",
					"@executable_path/Frameworks",
				);
				PRODUCT_BUNDLE_IDENTIFIER = com.mattmartindale.AnywhereFitness;
				PRODUCT_NAME = "$(TARGET_NAME)";
				SWIFT_VERSION = 5.0;
				TARGETED_DEVICE_FAMILY = "1,2";
			};
			name = Release;
		};
		C92971AA24A43F4B0038E8A7 /* Debug */ = {
			isa = XCBuildConfiguration;
			baseConfigurationReference = 0219E754B15D141F4224C8D4 /* Pods-AnywhereFitnessTests.debug.xcconfig */;
			buildSettings = {
				BUNDLE_LOADER = "$(TEST_HOST)";
				CODE_SIGN_STYLE = Automatic;
				INFOPLIST_FILE = AnywhereFitnessTests/Info.plist;
				LD_RUNPATH_SEARCH_PATHS = (
					"$(inherited)",
					"@executable_path/Frameworks",
					"@loader_path/Frameworks",
				);
				PRODUCT_BUNDLE_IDENTIFIER = com.mattmartindale.AnywhereFitnessTests;
				PRODUCT_NAME = "$(TARGET_NAME)";
				SWIFT_VERSION = 5.0;
				TARGETED_DEVICE_FAMILY = "1,2";
				TEST_HOST = "$(BUILT_PRODUCTS_DIR)/AnywhereFitness.app/AnywhereFitness";
			};
			name = Debug;
		};
		C92971AB24A43F4B0038E8A7 /* Release */ = {
			isa = XCBuildConfiguration;
			baseConfigurationReference = 234470B2DEBC5E9E04EF443E /* Pods-AnywhereFitnessTests.release.xcconfig */;
			buildSettings = {
				BUNDLE_LOADER = "$(TEST_HOST)";
				CODE_SIGN_STYLE = Automatic;
				INFOPLIST_FILE = AnywhereFitnessTests/Info.plist;
				LD_RUNPATH_SEARCH_PATHS = (
					"$(inherited)",
					"@executable_path/Frameworks",
					"@loader_path/Frameworks",
				);
				PRODUCT_BUNDLE_IDENTIFIER = com.mattmartindale.AnywhereFitnessTests;
				PRODUCT_NAME = "$(TARGET_NAME)";
				SWIFT_VERSION = 5.0;
				TARGETED_DEVICE_FAMILY = "1,2";
				TEST_HOST = "$(BUILT_PRODUCTS_DIR)/AnywhereFitness.app/AnywhereFitness";
			};
			name = Release;
		};
/* End XCBuildConfiguration section */

/* Begin XCConfigurationList section */
		C9297150249B07970038E8A7 /* Build configuration list for PBXProject "AnywhereFitness" */ = {
			isa = XCConfigurationList;
			buildConfigurations = (
				C929716A249B079A0038E8A7 /* Debug */,
				C929716B249B079A0038E8A7 /* Release */,
			);
			defaultConfigurationIsVisible = 0;
			defaultConfigurationName = Release;
		};
		C929716C249B079A0038E8A7 /* Build configuration list for PBXNativeTarget "AnywhereFitness" */ = {
			isa = XCConfigurationList;
			buildConfigurations = (
				C929716D249B079A0038E8A7 /* Debug */,
				C929716E249B079A0038E8A7 /* Release */,
			);
			defaultConfigurationIsVisible = 0;
			defaultConfigurationName = Release;
		};
		C92971AC24A43F4B0038E8A7 /* Build configuration list for PBXNativeTarget "AnywhereFitnessTests" */ = {
			isa = XCConfigurationList;
			buildConfigurations = (
				C92971AA24A43F4B0038E8A7 /* Debug */,
				C92971AB24A43F4B0038E8A7 /* Release */,
			);
			defaultConfigurationIsVisible = 0;
			defaultConfigurationName = Release;
		};
/* End XCConfigurationList section */

/* Begin XCVersionGroup section */
		C9297161249B07970038E8A7 /* AnywhereFitness.xcdatamodeld */ = {
			isa = XCVersionGroup;
			children = (
				C9297162249B07970038E8A7 /* AnywhereFitness.xcdatamodel */,
			);
			currentVersion = C9297162249B07970038E8A7 /* AnywhereFitness.xcdatamodel */;
			path = AnywhereFitness.xcdatamodeld;
			sourceTree = "<group>";
			versionGroupType = wrapper.xcdatamodel;
		};
/* End XCVersionGroup section */
	};
	rootObject = C929714D249B07970038E8A7 /* Project object */;
}
