// !$*UTF8*$!
{
	archiveVersion = 1;
	classes = {
	};
	objectVersion = 50;
	objects = {

/* Begin PBXBuildFile section */
		51BCAB86249C56FC004234A5 /* ClassSearchViewController.swift in Sources */ = {isa = PBXBuildFile; fileRef = 51BCAB85249C56FC004234A5 /* ClassSearchViewController.swift */; };
		51BCAB96249C7806004234A5 /* HomePageViewController.swift in Sources */ = {isa = PBXBuildFile; fileRef = 51BCAB95249C7806004234A5 /* HomePageViewController.swift */; };
		51BCAB98249C7838004234A5 /* Favorites.storyboard in Resources */ = {isa = PBXBuildFile; fileRef = 51BCAB97249C7838004234A5 /* Favorites.storyboard */; };
		51BCAB9A249C785A004234A5 /* Search.storyboard in Resources */ = {isa = PBXBuildFile; fileRef = 51BCAB99249C785A004234A5 /* Search.storyboard */; };
		51BCAB9C249C7876004234A5 /* Profile.storyboard in Resources */ = {isa = PBXBuildFile; fileRef = 51BCAB9B249C7876004234A5 /* Profile.storyboard */; };
		51BCAB9E249C7899004234A5 /* Upcoming.storyboard in Resources */ = {isa = PBXBuildFile; fileRef = 51BCAB9D249C7899004234A5 /* Upcoming.storyboard */; };
		C9297159249B07970038E8A7 /* AppDelegate.swift in Sources */ = {isa = PBXBuildFile; fileRef = C9297158249B07970038E8A7 /* AppDelegate.swift */; };
		C929715B249B07970038E8A7 /* SceneDelegate.swift in Sources */ = {isa = PBXBuildFile; fileRef = C929715A249B07970038E8A7 /* SceneDelegate.swift */; };
		C9297160249B07970038E8A7 /* Main.storyboard in Resources */ = {isa = PBXBuildFile; fileRef = C929715E249B07970038E8A7 /* Main.storyboard */; };
		C9297163249B07970038E8A7 /* AnywhereFitness.xcdatamodeld in Sources */ = {isa = PBXBuildFile; fileRef = C9297161249B07970038E8A7 /* AnywhereFitness.xcdatamodeld */; };
		C9297165249B079A0038E8A7 /* Assets.xcassets in Resources */ = {isa = PBXBuildFile; fileRef = C9297164249B079A0038E8A7 /* Assets.xcassets */; };
		C9297168249B079A0038E8A7 /* LaunchScreen.storyboard in Resources */ = {isa = PBXBuildFile; fileRef = C9297166249B079A0038E8A7 /* LaunchScreen.storyboard */; };
		C9297170249B0C890038E8A7 /* InstructorSignUp.storyboard in Resources */ = {isa = PBXBuildFile; fileRef = C929716F249B0C890038E8A7 /* InstructorSignUp.storyboard */; };
		C9297172249B0C990038E8A7 /* ClientSignUp.storyboard in Resources */ = {isa = PBXBuildFile; fileRef = C9297171249B0C990038E8A7 /* ClientSignUp.storyboard */; };
		C9297178249B13090038E8A7 /* LandingPageViewController.swift in Sources */ = {isa = PBXBuildFile; fileRef = C9297177249B13090038E8A7 /* LandingPageViewController.swift */; };
		C929717A249B13FF0038E8A7 /* InstructorSignUpViewController.swift in Sources */ = {isa = PBXBuildFile; fileRef = C9297179249B13FF0038E8A7 /* InstructorSignUpViewController.swift */; };
		C929717C249B140C0038E8A7 /* ClientSignUpViewController.swift in Sources */ = {isa = PBXBuildFile; fileRef = C929717B249B140C0038E8A7 /* ClientSignUpViewController.swift */; };
		C929717E249B14CD0038E8A7 /* InstructorSignUpConfirmationViewController.swift in Sources */ = {isa = PBXBuildFile; fileRef = C929717D249B14CD0038E8A7 /* InstructorSignUpConfirmationViewController.swift */; };
		C9297180249B14DB0038E8A7 /* ClientSignUpConfirmationViewController.swift in Sources */ = {isa = PBXBuildFile; fileRef = C929717F249B14DB0038E8A7 /* ClientSignUpConfirmationViewController.swift */; };
/* End PBXBuildFile section */

/* Begin PBXFileReference section */
		51BCAB85249C56FC004234A5 /* ClassSearchViewController.swift */ = {isa = PBXFileReference; lastKnownFileType = sourcecode.swift; path = ClassSearchViewController.swift; sourceTree = "<group>"; };
		51BCAB95249C7806004234A5 /* HomePageViewController.swift */ = {isa = PBXFileReference; lastKnownFileType = sourcecode.swift; path = HomePageViewController.swift; sourceTree = "<group>"; };
		51BCAB97249C7838004234A5 /* Favorites.storyboard */ = {isa = PBXFileReference; fileEncoding = 4; lastKnownFileType = file.storyboard; path = Favorites.storyboard; sourceTree = "<group>"; };
		51BCAB99249C785A004234A5 /* Search.storyboard */ = {isa = PBXFileReference; fileEncoding = 4; lastKnownFileType = file.storyboard; path = Search.storyboard; sourceTree = "<group>"; };
		51BCAB9B249C7876004234A5 /* Profile.storyboard */ = {isa = PBXFileReference; fileEncoding = 4; lastKnownFileType = file.storyboard; path = Profile.storyboard; sourceTree = "<group>"; };
		51BCAB9D249C7899004234A5 /* Upcoming.storyboard */ = {isa = PBXFileReference; fileEncoding = 4; lastKnownFileType = file.storyboard; path = Upcoming.storyboard; sourceTree = "<group>"; };
		C9297155249B07970038E8A7 /* AnywhereFitness.app */ = {isa = PBXFileReference; explicitFileType = wrapper.application; includeInIndex = 0; path = AnywhereFitness.app; sourceTree = BUILT_PRODUCTS_DIR; };
		C9297158249B07970038E8A7 /* AppDelegate.swift */ = {isa = PBXFileReference; lastKnownFileType = sourcecode.swift; path = AppDelegate.swift; sourceTree = "<group>"; };
		C929715A249B07970038E8A7 /* SceneDelegate.swift */ = {isa = PBXFileReference; lastKnownFileType = sourcecode.swift; path = SceneDelegate.swift; sourceTree = "<group>"; };
		C929715F249B07970038E8A7 /* Base */ = {isa = PBXFileReference; lastKnownFileType = file.storyboard; name = Base; path = Base.lproj/Main.storyboard; sourceTree = "<group>"; };
		C9297162249B07970038E8A7 /* AnywhereFitness.xcdatamodel */ = {isa = PBXFileReference; lastKnownFileType = wrapper.xcdatamodel; path = AnywhereFitness.xcdatamodel; sourceTree = "<group>"; };
		C9297164249B079A0038E8A7 /* Assets.xcassets */ = {isa = PBXFileReference; lastKnownFileType = folder.assetcatalog; path = Assets.xcassets; sourceTree = "<group>"; };
		C9297167249B079A0038E8A7 /* Base */ = {isa = PBXFileReference; lastKnownFileType = file.storyboard; name = Base; path = Base.lproj/LaunchScreen.storyboard; sourceTree = "<group>"; };
		C9297169249B079A0038E8A7 /* Info.plist */ = {isa = PBXFileReference; lastKnownFileType = text.plist.xml; path = Info.plist; sourceTree = "<group>"; };
		C929716F249B0C890038E8A7 /* InstructorSignUp.storyboard */ = {isa = PBXFileReference; lastKnownFileType = file.storyboard; path = InstructorSignUp.storyboard; sourceTree = "<group>"; };
		C9297171249B0C990038E8A7 /* ClientSignUp.storyboard */ = {isa = PBXFileReference; lastKnownFileType = file.storyboard; path = ClientSignUp.storyboard; sourceTree = "<group>"; };
		C9297177249B13090038E8A7 /* LandingPageViewController.swift */ = {isa = PBXFileReference; lastKnownFileType = sourcecode.swift; path = LandingPageViewController.swift; sourceTree = "<group>"; };
		C9297179249B13FF0038E8A7 /* InstructorSignUpViewController.swift */ = {isa = PBXFileReference; lastKnownFileType = sourcecode.swift; path = InstructorSignUpViewController.swift; sourceTree = "<group>"; };
		C929717B249B140C0038E8A7 /* ClientSignUpViewController.swift */ = {isa = PBXFileReference; lastKnownFileType = sourcecode.swift; path = ClientSignUpViewController.swift; sourceTree = "<group>"; };
		C929717D249B14CD0038E8A7 /* InstructorSignUpConfirmationViewController.swift */ = {isa = PBXFileReference; lastKnownFileType = sourcecode.swift; path = InstructorSignUpConfirmationViewController.swift; sourceTree = "<group>"; };
		C929717F249B14DB0038E8A7 /* ClientSignUpConfirmationViewController.swift */ = {isa = PBXFileReference; lastKnownFileType = sourcecode.swift; path = ClientSignUpConfirmationViewController.swift; sourceTree = "<group>"; };
/* End PBXFileReference section */

/* Begin PBXFrameworksBuildPhase section */
		C9297152249B07970038E8A7 /* Frameworks */ = {
			isa = PBXFrameworksBuildPhase;
			buildActionMask = 2147483647;
			files = (
			);
			runOnlyForDeploymentPostprocessing = 0;
		};
/* End PBXFrameworksBuildPhase section */

/* Begin PBXGroup section */
		51BCAB7D249C5519004234A5 /* Josh's Setup */ = {
			isa = PBXGroup;
			children = (
				51BCAB82249C55FD004234A5 /* Views */,
				51BCAB81249C55D2004234A5 /* Storyboard */,
				51BCAB80249C5576004234A5 /* Models */,
				51BCAB7F249C5563004234A5 /* Model Controllers */,
				51BCAB7E249C552D004234A5 /* View Controllers */,
			);
			path = "Josh's Setup";
			sourceTree = "<group>";
		};
		51BCAB7E249C552D004234A5 /* View Controllers */ = {
			isa = PBXGroup;
			children = (
				51BCAB85249C56FC004234A5 /* ClassSearchViewController.swift */,
				51BCAB95249C7806004234A5 /* HomePageViewController.swift */,
			);
			path = "View Controllers";
			sourceTree = "<group>";
		};
		51BCAB7F249C5563004234A5 /* Model Controllers */ = {
			isa = PBXGroup;
			children = (
			);
			path = "Model Controllers";
			sourceTree = "<group>";
		};
		51BCAB80249C5576004234A5 /* Models */ = {
			isa = PBXGroup;
			children = (
			);
			path = Models;
			sourceTree = "<group>";
		};
		51BCAB81249C55D2004234A5 /* Storyboard */ = {
			isa = PBXGroup;
			children = (
				C9297171249B0C990038E8A7 /* ClientSignUp.storyboard */,
				51BCAB9D249C7899004234A5 /* Upcoming.storyboard */,
				51BCAB9B249C7876004234A5 /* Profile.storyboard */,
				51BCAB99249C785A004234A5 /* Search.storyboard */,
				51BCAB97249C7838004234A5 /* Favorites.storyboard */,
			);
			path = Storyboard;
			sourceTree = "<group>";
		};
		51BCAB82249C55FD004234A5 /* Views */ = {
			isa = PBXGroup;
			children = (
			);
			path = Views;
			sourceTree = "<group>";
		};
		C929714C249B07970038E8A7 = {
			isa = PBXGroup;
			children = (
				C9297157249B07970038E8A7 /* AnywhereFitness */,
				C9297156249B07970038E8A7 /* Products */,
			);
			sourceTree = "<group>";
		};
		C9297156249B07970038E8A7 /* Products */ = {
			isa = PBXGroup;
			children = (
				C9297155249B07970038E8A7 /* AnywhereFitness.app */,
			);
			name = Products;
			sourceTree = "<group>";
		};
		C9297157249B07970038E8A7 /* AnywhereFitness */ = {
			isa = PBXGroup;
			children = (
				51BCAB7D249C5519004234A5 /* Josh's Setup */,
				C9297158249B07970038E8A7 /* AppDelegate.swift */,
				C929715A249B07970038E8A7 /* SceneDelegate.swift */,
				C9297176249B12E30038E8A7 /* View Controllers */,
				C929715E249B07970038E8A7 /* Main.storyboard */,
				C9297164249B079A0038E8A7 /* Assets.xcassets */,
				C9297166249B079A0038E8A7 /* LaunchScreen.storyboard */,
				C9297169249B079A0038E8A7 /* Info.plist */,
				C9297161249B07970038E8A7 /* AnywhereFitness.xcdatamodeld */,
				C929716F249B0C890038E8A7 /* InstructorSignUp.storyboard */,
			);
			path = AnywhereFitness;
			sourceTree = "<group>";
		};
		C9297176249B12E30038E8A7 /* View Controllers */ = {
			isa = PBXGroup;
			children = (
				C9297177249B13090038E8A7 /* LandingPageViewController.swift */,
				C9297179249B13FF0038E8A7 /* InstructorSignUpViewController.swift */,
				C929717B249B140C0038E8A7 /* ClientSignUpViewController.swift */,
				C929717D249B14CD0038E8A7 /* InstructorSignUpConfirmationViewController.swift */,
				C929717F249B14DB0038E8A7 /* ClientSignUpConfirmationViewController.swift */,
			);
			path = "View Controllers";
			sourceTree = "<group>";
		};
/* End PBXGroup section */

/* Begin PBXNativeTarget section */
		C9297154249B07970038E8A7 /* AnywhereFitness */ = {
			isa = PBXNativeTarget;
			buildConfigurationList = C929716C249B079A0038E8A7 /* Build configuration list for PBXNativeTarget "AnywhereFitness" */;
			buildPhases = (
				C9297151249B07970038E8A7 /* Sources */,
				C9297152249B07970038E8A7 /* Frameworks */,
				C9297153249B07970038E8A7 /* Resources */,
			);
			buildRules = (
			);
			dependencies = (
			);
			name = AnywhereFitness;
			productName = AnywhereFitness;
			productReference = C9297155249B07970038E8A7 /* AnywhereFitness.app */;
			productType = "com.apple.product-type.application";
		};
/* End PBXNativeTarget section */

/* Begin PBXProject section */
		C929714D249B07970038E8A7 /* Project object */ = {
			isa = PBXProject;
			attributes = {
				LastSwiftUpdateCheck = 1140;
				LastUpgradeCheck = 1140;
				ORGANIZATIONNAME = "Matthew Martindale";
				TargetAttributes = {
					C9297154249B07970038E8A7 = {
						CreatedOnToolsVersion = 11.4.1;
					};
				};
			};
			buildConfigurationList = C9297150249B07970038E8A7 /* Build configuration list for PBXProject "AnywhereFitness" */;
			compatibilityVersion = "Xcode 9.3";
			developmentRegion = en;
			hasScannedForEncodings = 0;
			knownRegions = (
				en,
				Base,
			);
			mainGroup = C929714C249B07970038E8A7;
			productRefGroup = C9297156249B07970038E8A7 /* Products */;
			projectDirPath = "";
			projectRoot = "";
			targets = (
				C9297154249B07970038E8A7 /* AnywhereFitness */,
			);
		};
/* End PBXProject section */

/* Begin PBXResourcesBuildPhase section */
		C9297153249B07970038E8A7 /* Resources */ = {
			isa = PBXResourcesBuildPhase;
			buildActionMask = 2147483647;
			files = (
				C9297168249B079A0038E8A7 /* LaunchScreen.storyboard in Resources */,
				C9297170249B0C890038E8A7 /* InstructorSignUp.storyboard in Resources */,
				51BCAB9C249C7876004234A5 /* Profile.storyboard in Resources */,
				51BCAB98249C7838004234A5 /* Favorites.storyboard in Resources */,
				C9297165249B079A0038E8A7 /* Assets.xcassets in Resources */,
				51BCAB9E249C7899004234A5 /* Upcoming.storyboard in Resources */,
				51BCAB9A249C785A004234A5 /* Search.storyboard in Resources */,
				C9297160249B07970038E8A7 /* Main.storyboard in Resources */,
				C9297172249B0C990038E8A7 /* ClientSignUp.storyboard in Resources */,
			);
			runOnlyForDeploymentPostprocessing = 0;
		};
/* End PBXResourcesBuildPhase section */

/* Begin PBXSourcesBuildPhase section */
		C9297151249B07970038E8A7 /* Sources */ = {
			isa = PBXSourcesBuildPhase;
			buildActionMask = 2147483647;
			files = (
				C929717C249B140C0038E8A7 /* ClientSignUpViewController.swift in Sources */,
				C929717E249B14CD0038E8A7 /* InstructorSignUpConfirmationViewController.swift in Sources */,
				C9297159249B07970038E8A7 /* AppDelegate.swift in Sources */,
				C929715B249B07970038E8A7 /* SceneDelegate.swift in Sources */,
				C9297180249B14DB0038E8A7 /* ClientSignUpConfirmationViewController.swift in Sources */,
				C9297163249B07970038E8A7 /* AnywhereFitness.xcdatamodeld in Sources */,
				51BCAB86249C56FC004234A5 /* ClassSearchViewController.swift in Sources */,
				C929717A249B13FF0038E8A7 /* InstructorSignUpViewController.swift in Sources */,
				51BCAB96249C7806004234A5 /* HomePageViewController.swift in Sources */,
				C9297178249B13090038E8A7 /* LandingPageViewController.swift in Sources */,
			);
			runOnlyForDeploymentPostprocessing = 0;
		};
/* End PBXSourcesBuildPhase section */

/* Begin PBXVariantGroup section */
		C929715E249B07970038E8A7 /* Main.storyboard */ = {
			isa = PBXVariantGroup;
			children = (
				C929715F249B07970038E8A7 /* Base */,
			);
			name = Main.storyboard;
			sourceTree = "<group>";
		};
		C9297166249B079A0038E8A7 /* LaunchScreen.storyboard */ = {
			isa = PBXVariantGroup;
			children = (
				C9297167249B079A0038E8A7 /* Base */,
			);
			name = LaunchScreen.storyboard;
			sourceTree = "<group>";
		};
/* End PBXVariantGroup section */

/* Begin XCBuildConfiguration section */
		C929716A249B079A0038E8A7 /* Debug */ = {
			isa = XCBuildConfiguration;
			buildSettings = {
				ALWAYS_SEARCH_USER_PATHS = NO;
				CLANG_ANALYZER_NONNULL = YES;
				CLANG_ANALYZER_NUMBER_OBJECT_CONVERSION = YES_AGGRESSIVE;
				CLANG_CXX_LANGUAGE_STANDARD = "gnu++14";
				CLANG_CXX_LIBRARY = "libc++";
				CLANG_ENABLE_MODULES = YES;
				CLANG_ENABLE_OBJC_ARC = YES;
				CLANG_ENABLE_OBJC_WEAK = YES;
				CLANG_WARN_BLOCK_CAPTURE_AUTORELEASING = YES;
				CLANG_WARN_BOOL_CONVERSION = YES;
				CLANG_WARN_COMMA = YES;
				CLANG_WARN_CONSTANT_CONVERSION = YES;
				CLANG_WARN_DEPRECATED_OBJC_IMPLEMENTATIONS = YES;
				CLANG_WARN_DIRECT_OBJC_ISA_USAGE = YES_ERROR;
				CLANG_WARN_DOCUMENTATION_COMMENTS = YES;
				CLANG_WARN_EMPTY_BODY = YES;
				CLANG_WARN_ENUM_CONVERSION = YES;
				CLANG_WARN_INFINITE_RECURSION = YES;
				CLANG_WARN_INT_CONVERSION = YES;
				CLANG_WARN_NON_LITERAL_NULL_CONVERSION = YES;
				CLANG_WARN_OBJC_IMPLICIT_RETAIN_SELF = YES;
				CLANG_WARN_OBJC_LITERAL_CONVERSION = YES;
				CLANG_WARN_OBJC_ROOT_CLASS = YES_ERROR;
				CLANG_WARN_RANGE_LOOP_ANALYSIS = YES;
				CLANG_WARN_STRICT_PROTOTYPES = YES;
				CLANG_WARN_SUSPICIOUS_MOVE = YES;
				CLANG_WARN_UNGUARDED_AVAILABILITY = YES_AGGRESSIVE;
				CLANG_WARN_UNREACHABLE_CODE = YES;
				CLANG_WARN__DUPLICATE_METHOD_MATCH = YES;
				COPY_PHASE_STRIP = NO;
				DEBUG_INFORMATION_FORMAT = dwarf;
				ENABLE_STRICT_OBJC_MSGSEND = YES;
				ENABLE_TESTABILITY = YES;
				GCC_C_LANGUAGE_STANDARD = gnu11;
				GCC_DYNAMIC_NO_PIC = NO;
				GCC_NO_COMMON_BLOCKS = YES;
				GCC_OPTIMIZATION_LEVEL = 0;
				GCC_PREPROCESSOR_DEFINITIONS = (
					"DEBUG=1",
					"$(inherited)",
				);
				GCC_WARN_64_TO_32_BIT_CONVERSION = YES;
				GCC_WARN_ABOUT_RETURN_TYPE = YES_ERROR;
				GCC_WARN_UNDECLARED_SELECTOR = YES;
				GCC_WARN_UNINITIALIZED_AUTOS = YES_AGGRESSIVE;
				GCC_WARN_UNUSED_FUNCTION = YES;
				GCC_WARN_UNUSED_VARIABLE = YES;
				IPHONEOS_DEPLOYMENT_TARGET = 13.4;
				MTL_ENABLE_DEBUG_INFO = INCLUDE_SOURCE;
				MTL_FAST_MATH = YES;
				ONLY_ACTIVE_ARCH = YES;
				SDKROOT = iphoneos;
				SWIFT_ACTIVE_COMPILATION_CONDITIONS = DEBUG;
				SWIFT_OPTIMIZATION_LEVEL = "-Onone";
			};
			name = Debug;
		};
		C929716B249B079A0038E8A7 /* Release */ = {
			isa = XCBuildConfiguration;
			buildSettings = {
				ALWAYS_SEARCH_USER_PATHS = NO;
				CLANG_ANALYZER_NONNULL = YES;
				CLANG_ANALYZER_NUMBER_OBJECT_CONVERSION = YES_AGGRESSIVE;
				CLANG_CXX_LANGUAGE_STANDARD = "gnu++14";
				CLANG_CXX_LIBRARY = "libc++";
				CLANG_ENABLE_MODULES = YES;
				CLANG_ENABLE_OBJC_ARC = YES;
				CLANG_ENABLE_OBJC_WEAK = YES;
				CLANG_WARN_BLOCK_CAPTURE_AUTORELEASING = YES;
				CLANG_WARN_BOOL_CONVERSION = YES;
				CLANG_WARN_COMMA = YES;
				CLANG_WARN_CONSTANT_CONVERSION = YES;
				CLANG_WARN_DEPRECATED_OBJC_IMPLEMENTATIONS = YES;
				CLANG_WARN_DIRECT_OBJC_ISA_USAGE = YES_ERROR;
				CLANG_WARN_DOCUMENTATION_COMMENTS = YES;
				CLANG_WARN_EMPTY_BODY = YES;
				CLANG_WARN_ENUM_CONVERSION = YES;
				CLANG_WARN_INFINITE_RECURSION = YES;
				CLANG_WARN_INT_CONVERSION = YES;
				CLANG_WARN_NON_LITERAL_NULL_CONVERSION = YES;
				CLANG_WARN_OBJC_IMPLICIT_RETAIN_SELF = YES;
				CLANG_WARN_OBJC_LITERAL_CONVERSION = YES;
				CLANG_WARN_OBJC_ROOT_CLASS = YES_ERROR;
				CLANG_WARN_RANGE_LOOP_ANALYSIS = YES;
				CLANG_WARN_STRICT_PROTOTYPES = YES;
				CLANG_WARN_SUSPICIOUS_MOVE = YES;
				CLANG_WARN_UNGUARDED_AVAILABILITY = YES_AGGRESSIVE;
				CLANG_WARN_UNREACHABLE_CODE = YES;
				CLANG_WARN__DUPLICATE_METHOD_MATCH = YES;
				COPY_PHASE_STRIP = NO;
				DEBUG_INFORMATION_FORMAT = "dwarf-with-dsym";
				ENABLE_NS_ASSERTIONS = NO;
				ENABLE_STRICT_OBJC_MSGSEND = YES;
				GCC_C_LANGUAGE_STANDARD = gnu11;
				GCC_NO_COMMON_BLOCKS = YES;
				GCC_WARN_64_TO_32_BIT_CONVERSION = YES;
				GCC_WARN_ABOUT_RETURN_TYPE = YES_ERROR;
				GCC_WARN_UNDECLARED_SELECTOR = YES;
				GCC_WARN_UNINITIALIZED_AUTOS = YES_AGGRESSIVE;
				GCC_WARN_UNUSED_FUNCTION = YES;
				GCC_WARN_UNUSED_VARIABLE = YES;
				IPHONEOS_DEPLOYMENT_TARGET = 13.4;
				MTL_ENABLE_DEBUG_INFO = NO;
				MTL_FAST_MATH = YES;
				SDKROOT = iphoneos;
				SWIFT_COMPILATION_MODE = wholemodule;
				SWIFT_OPTIMIZATION_LEVEL = "-O";
				VALIDATE_PRODUCT = YES;
			};
			name = Release;
		};
		C929716D249B079A0038E8A7 /* Debug */ = {
			isa = XCBuildConfiguration;
			buildSettings = {
				ASSETCATALOG_COMPILER_APPICON_NAME = AppIcon;
				CODE_SIGN_STYLE = Automatic;
				INFOPLIST_FILE = AnywhereFitness/Info.plist;
				LD_RUNPATH_SEARCH_PATHS = (
					"$(inherited)",
					"@executable_path/Frameworks",
				);
				PRODUCT_BUNDLE_IDENTIFIER = com.mattmartindale.AnywhereFitness;
				PRODUCT_NAME = "$(TARGET_NAME)";
				SWIFT_VERSION = 5.0;
				TARGETED_DEVICE_FAMILY = "1,2";
			};
			name = Debug;
		};
		C929716E249B079A0038E8A7 /* Release */ = {
			isa = XCBuildConfiguration;
			buildSettings = {
				ASSETCATALOG_COMPILER_APPICON_NAME = AppIcon;
				CODE_SIGN_STYLE = Automatic;
				INFOPLIST_FILE = AnywhereFitness/Info.plist;
				LD_RUNPATH_SEARCH_PATHS = (
					"$(inherited)",
					"@executable_path/Frameworks",
				);
				PRODUCT_BUNDLE_IDENTIFIER = com.mattmartindale.AnywhereFitness;
				PRODUCT_NAME = "$(TARGET_NAME)";
				SWIFT_VERSION = 5.0;
				TARGETED_DEVICE_FAMILY = "1,2";
			};
			name = Release;
		};
/* End XCBuildConfiguration section */

/* Begin XCConfigurationList section */
		C9297150249B07970038E8A7 /* Build configuration list for PBXProject "AnywhereFitness" */ = {
			isa = XCConfigurationList;
			buildConfigurations = (
				C929716A249B079A0038E8A7 /* Debug */,
				C929716B249B079A0038E8A7 /* Release */,
			);
			defaultConfigurationIsVisible = 0;
			defaultConfigurationName = Release;
		};
		C929716C249B079A0038E8A7 /* Build configuration list for PBXNativeTarget "AnywhereFitness" */ = {
			isa = XCConfigurationList;
			buildConfigurations = (
				C929716D249B079A0038E8A7 /* Debug */,
				C929716E249B079A0038E8A7 /* Release */,
			);
			defaultConfigurationIsVisible = 0;
			defaultConfigurationName = Release;
		};
/* End XCConfigurationList section */

/* Begin XCVersionGroup section */
		C9297161249B07970038E8A7 /* AnywhereFitness.xcdatamodeld */ = {
			isa = XCVersionGroup;
			children = (
				C9297162249B07970038E8A7 /* AnywhereFitness.xcdatamodel */,
			);
			currentVersion = C9297162249B07970038E8A7 /* AnywhereFitness.xcdatamodel */;
			path = AnywhereFitness.xcdatamodeld;
			sourceTree = "<group>";
			versionGroupType = wrapper.xcdatamodel;
		};
/* End XCVersionGroup section */
	};
	rootObject = C929714D249B07970038E8A7 /* Project object */;
}
